
Microsoft Visual Studio Solution File, Format Version 12.00
# Visual Studio Version 16
VisualStudioVersion = 16.0.31613.86
MinimumVisualStudioVersion = 10.0.40219.1
Project("{FAE04EC0-301F-11D3-BF4B-00C04F79EFBC}") = "RSSFeed", "RSSFeed\RSSFeed.csproj", "{3EAD94E8-26F4-422C-9EE9-F267E8F97228}"
EndProject
Global
	GlobalSection(SolutionConfigurationPlatforms) = preSolution
		Debug|Any CPU = Debug|Any CPU
		Release|Any CPU = Release|Any CPU
	EndGlobalSection
	GlobalSection(ProjectConfigurationPlatforms) = postSolution
		{3EAD94E8-26F4-422C-9EE9-F267E8F97228}.Debug|Any CPU.ActiveCfg = Debug|Any CPU
		{3EAD94E8-26F4-422C-9EE9-F267E8F97228}.Debug|Any CPU.Build.0 = Debug|Any CPU
		{3EAD94E8-26F4-422C-9EE9-F267E8F97228}.Release|Any CPU.ActiveCfg = Release|Any CPU
		{3EAD94E8-26F4-422C-9EE9-F267E8F97228}.Release|Any CPU.Build.0 = Release|Any CPU
	EndGlobalSection
	GlobalSection(SolutionProperties) = preSolution
		HideSolutionNode = FALSE
	EndGlobalSection
	GlobalSection(ExtensibilityGlobals) = postSolution
		SolutionGuid = {F41DE0CB-E51C-4C01-A90D-18D85B57225F}
	EndGlobalSection
EndGlobal
